
Microsoft Visual Studio Solution File, Format Version 12.00
# Visual Studio Version 17
VisualStudioVersion = 17.4.33205.214
MinimumVisualStudioVersion = 10.0.40219.1
Project("{FAE04EC0-301F-11D3-BF4B-00C04F79EFBC}") = "semaforo", "semaforo\semaforo.csproj", "{209E1057-5338-4B42-9EB7-5611072D4BFD}"
EndProject
Global
	GlobalSection(SolutionConfigurationPlatforms) = preSolution
		Debug|Any CPU = Debug|Any CPU
		Release|Any CPU = Release|Any CPU
	EndGlobalSection
	GlobalSection(ProjectConfigurationPlatforms) = postSolution
		{209E1057-5338-4B42-9EB7-5611072D4BFD}.Debug|Any CPU.ActiveCfg = Debug|Any CPU
		{209E1057-5338-4B42-9EB7-5611072D4BFD}.Debug|Any CPU.Build.0 = Debug|Any CPU
		{209E1057-5338-4B42-9EB7-5611072D4BFD}.Release|Any CPU.ActiveCfg = Release|Any CPU
		{209E1057-5338-4B42-9EB7-5611072D4BFD}.Release|Any CPU.Build.0 = Release|Any CPU
	EndGlobalSection
	GlobalSection(SolutionProperties) = preSolution
		HideSolutionNode = FALSE
	EndGlobalSection
	GlobalSection(ExtensibilityGlobals) = postSolution
		SolutionGuid = {B4643A07-9DD4-49EE-8D5B-1FC34C56D1AD}
	EndGlobalSection
EndGlobal
