
Microsoft Visual Studio Solution File, Format Version 12.00
# Visual Studio Version 17
VisualStudioVersion = 17.2.32616.157
MinimumVisualStudioVersion = 10.0.40219.1
Project("{FAE04EC0-301F-11D3-BF4B-00C04F79EFBC}") = "Matrice di bottoni", "Matrice di bottoni\Matrice di bottoni.csproj", "{2D983945-E76A-46B6-A743-FFE2D29DA86D}"
EndProject
Global
	GlobalSection(SolutionConfigurationPlatforms) = preSolution
		Debug|Any CPU = Debug|Any CPU
		Release|Any CPU = Release|Any CPU
	EndGlobalSection
	GlobalSection(ProjectConfigurationPlatforms) = postSolution
		{2D983945-E76A-46B6-A743-FFE2D29DA86D}.Debug|Any CPU.ActiveCfg = Debug|Any CPU
		{2D983945-E76A-46B6-A743-FFE2D29DA86D}.Debug|Any CPU.Build.0 = Debug|Any CPU
		{2D983945-E76A-46B6-A743-FFE2D29DA86D}.Release|Any CPU.ActiveCfg = Release|Any CPU
		{2D983945-E76A-46B6-A743-FFE2D29DA86D}.Release|Any CPU.Build.0 = Release|Any CPU
	EndGlobalSection
	GlobalSection(SolutionProperties) = preSolution
		HideSolutionNode = FALSE
	EndGlobalSection
	GlobalSection(ExtensibilityGlobals) = postSolution
		SolutionGuid = {C1837A98-E15B-4922-A07A-C2EEABD32170}
	EndGlobalSection
EndGlobal
