
Microsoft Visual Studio Solution File, Format Version 12.00
# Visual Studio Version 17
VisualStudioVersion = 17.2.32616.157
MinimumVisualStudioVersion = 10.0.40219.1
Project("{FAE04EC0-301F-11D3-BF4B-00C04F79EFBC}") = "corsaPodistica", "corsaPodistica\corsaPodistica.csproj", "{3CC018CD-177F-4C9A-BA38-BE67D6670A6B}"
EndProject
Project("{FAE04EC0-301F-11D3-BF4B-00C04F79EFBC}") = "statoThread", "statoThread\statoThread.csproj", "{9DA32CE6-0AF7-42D1-B140-2143ECF7CA8A}"
EndProject
Project("{FAE04EC0-301F-11D3-BF4B-00C04F79EFBC}") = "ConsoleAppPrintNumber", "ConsoleAppPrintNumber\ConsoleAppPrintNumber.csproj", "{C445D817-3C25-4945-B3D6-2ADDD4706B58}"
EndProject
Project("{FAE04EC0-301F-11D3-BF4B-00C04F79EFBC}") = "ElaboratoreThread", "ElaboratoreThread\ElaboratoreThread.csproj", "{6496CC50-C1F5-4D86-9CA0-18801942CDC0}"
EndProject
Global
	GlobalSection(SolutionConfigurationPlatforms) = preSolution
		Debug|Any CPU = Debug|Any CPU
		Release|Any CPU = Release|Any CPU
	EndGlobalSection
	GlobalSection(ProjectConfigurationPlatforms) = postSolution
		{3CC018CD-177F-4C9A-BA38-BE67D6670A6B}.Debug|Any CPU.ActiveCfg = Debug|Any CPU
		{3CC018CD-177F-4C9A-BA38-BE67D6670A6B}.Debug|Any CPU.Build.0 = Debug|Any CPU
		{3CC018CD-177F-4C9A-BA38-BE67D6670A6B}.Release|Any CPU.ActiveCfg = Release|Any CPU
		{3CC018CD-177F-4C9A-BA38-BE67D6670A6B}.Release|Any CPU.Build.0 = Release|Any CPU
		{9DA32CE6-0AF7-42D1-B140-2143ECF7CA8A}.Debug|Any CPU.ActiveCfg = Debug|Any CPU
		{9DA32CE6-0AF7-42D1-B140-2143ECF7CA8A}.Debug|Any CPU.Build.0 = Debug|Any CPU
		{9DA32CE6-0AF7-42D1-B140-2143ECF7CA8A}.Release|Any CPU.ActiveCfg = Release|Any CPU
		{9DA32CE6-0AF7-42D1-B140-2143ECF7CA8A}.Release|Any CPU.Build.0 = Release|Any CPU
		{C445D817-3C25-4945-B3D6-2ADDD4706B58}.Debug|Any CPU.ActiveCfg = Debug|Any CPU
		{C445D817-3C25-4945-B3D6-2ADDD4706B58}.Debug|Any CPU.Build.0 = Debug|Any CPU
		{C445D817-3C25-4945-B3D6-2ADDD4706B58}.Release|Any CPU.ActiveCfg = Release|Any CPU
		{C445D817-3C25-4945-B3D6-2ADDD4706B58}.Release|Any CPU.Build.0 = Release|Any CPU
		{6496CC50-C1F5-4D86-9CA0-18801942CDC0}.Debug|Any CPU.ActiveCfg = Debug|Any CPU
		{6496CC50-C1F5-4D86-9CA0-18801942CDC0}.Debug|Any CPU.Build.0 = Debug|Any CPU
		{6496CC50-C1F5-4D86-9CA0-18801942CDC0}.Release|Any CPU.ActiveCfg = Release|Any CPU
		{6496CC50-C1F5-4D86-9CA0-18801942CDC0}.Release|Any CPU.Build.0 = Release|Any CPU
	EndGlobalSection
	GlobalSection(SolutionProperties) = preSolution
		HideSolutionNode = FALSE
	EndGlobalSection
	GlobalSection(ExtensibilityGlobals) = postSolution
		SolutionGuid = {291BE6F9-8BB3-4F19-A67E-09950F2ED366}
	EndGlobalSection
EndGlobal
